
Microsoft Visual Studio Solution File, Format Version 12.00
# Visual Studio Version 16
VisualStudioVersion = 16.0.31829.152
MinimumVisualStudioVersion = 10.0.40219.1
Project("{FAE04EC0-301F-11D3-BF4B-00C04F79EFBC}") = "web1", "web1\web1.csproj", "{4199B34A-0124-494F-A777-F7DEFB753991}"
EndProject
Global
	GlobalSection(SolutionConfigurationPlatforms) = preSolution
		Debug|Any CPU = Debug|Any CPU
		Release|Any CPU = Release|Any CPU
	EndGlobalSection
	GlobalSection(ProjectConfigurationPlatforms) = postSolution
		{4199B34A-0124-494F-A777-F7DEFB753991}.Debug|Any CPU.ActiveCfg = Debug|Any CPU
		{4199B34A-0124-494F-A777-F7DEFB753991}.Debug|Any CPU.Build.0 = Debug|Any CPU
		{4199B34A-0124-494F-A777-F7DEFB753991}.Release|Any CPU.ActiveCfg = Release|Any CPU
		{4199B34A-0124-494F-A777-F7DEFB753991}.Release|Any CPU.Build.0 = Release|Any CPU
	EndGlobalSection
	GlobalSection(SolutionProperties) = preSolution
		HideSolutionNode = FALSE
	EndGlobalSection
	GlobalSection(ExtensibilityGlobals) = postSolution
		SolutionGuid = {72A16AA7-19F2-42EE-8B9A-2BEA7C2DBA92}
	EndGlobalSection
EndGlobal
